{
  "name": "sim-v2",
  "lockfileVersion": 3,
  "requires": true,
  "packages": {
    "": {
      "name": "sim-v2",
      "workspaces": [
        "packages/web",
        "packages/worker",
        "packages/api",
        "packages/common"
      ]
    },
    "node_modules/api": {
      "resolved": "packages/api",
      "link": true
    },
    "node_modules/common": {
      "resolved": "packages/common",
      "link": true
    },
    "node_modules/web": {
      "resolved": "packages/web",
      "link": true
    },
    "node_modules/worker": {
      "resolved": "packages/worker",
      "link": true
    },
    "packages/api": {
      "version": "1.0.0",
      "license": "ISC",
      "devDependencies": {}
    },
    "packages/common": {
      "version": "1.0.0",
      "license": "ISC",
      "devDependencies": {}
    },
    "packages/web": {
      "version": "1.0.0",
      "license": "ISC"
    },
    "packages/worker": {
      "version": "1.0.0",
      "license": "ISC",
      "devDependencies": {}
    }
  }
}
