{
  "name": "@sim-v2/root",
  "lockfileVersion": 3,
  "requires": true,
  "packages": {
    "": {
      "name": "@sim-v2/root",
      "workspaces": [
        "packages/web",
        "packages/worker",
        "packages/api",
        "packages/common"
      ]
    },
    "node_modules/@sim-v2/api": {
      "resolved": "packages/api",
      "link": true
    },
    "node_modules/@sim-v2/common": {
      "resolved": "packages/common",
      "link": true
    },
    "node_modules/@sim-v2/web": {
      "resolved": "packages/web",
      "link": true
    },
    "node_modules/@sim-v2/worker": {
      "resolved": "packages/worker",
      "link": true
    },
    "packages/api": {
      "name": "@sim-v2/api"
    },
    "packages/common": {
      "name": "@sim-v2/common"
    },
    "packages/web": {
      "name": "@sim-v2/web"
    },
    "packages/worker": {
      "name": "@sim-v2/worker"
    }
  }
}
